{
  "name": "vk-bots",
  "version": "0.0.1",
  "lockfileVersion": 1,
  "requires": true,
  "dependencies": {
    "fast-event-emitter": {
      "version": "0.0.2",
      "resolved": "https://registry.npmjs.org/fast-event-emitter/-/fast-event-emitter-0.0.2.tgz",
      "integrity": "sha1-c/sAOWUKE0rYHnfdof/4zZIEMFI=",
      "requires": {
        "protoclass": "0.0.6"
      }
    },
    "protoclass": {
      "version": "0.0.6",
      "resolved": "https://registry.npmjs.org/protoclass/-/protoclass-0.0.6.tgz",
      "integrity": "sha1-10C75oRNEBpLZcXFxD2T50N4OR8="
    }
  }
}
